
Microsoft Visual Studio Solution File, Format Version 12.00
# Visual Studio Version 17
VisualStudioVersion = 17.2.32516.85
MinimumVisualStudioVersion = 10.0.40219.1
Project("{FAE04EC0-301F-11D3-BF4B-00C04F79EFBC}") = "MemoryClubForms", "MemoryClubForms\MemoryClubForms.csproj", "{3CDDE705-C262-46B3-856D-075F56383A1B}"
EndProject
Project("{54435603-DBB4-11D2-8724-00A0C9A8B90C}") = "SetupClubMemoria", "SetupClubMemoria\SetupClubMemoria.vdproj", "{4991C81C-6662-4864-977C-857C2EB8015F}"
EndProject
Global
	GlobalSection(SolutionConfigurationPlatforms) = preSolution
		Debug|Any CPU = Debug|Any CPU
		Release|Any CPU = Release|Any CPU
	EndGlobalSection
	GlobalSection(ProjectConfigurationPlatforms) = postSolution
		{3CDDE705-C262-46B3-856D-075F56383A1B}.Debug|Any CPU.ActiveCfg = Debug|Any CPU
		{3CDDE705-C262-46B3-856D-075F56383A1B}.Debug|Any CPU.Build.0 = Debug|Any CPU
		{3CDDE705-C262-46B3-856D-075F56383A1B}.Release|Any CPU.ActiveCfg = Release|Any CPU
		{3CDDE705-C262-46B3-856D-075F56383A1B}.Release|Any CPU.Build.0 = Release|Any CPU
		{4991C81C-6662-4864-977C-857C2EB8015F}.Debug|Any CPU.ActiveCfg = Debug
		{4991C81C-6662-4864-977C-857C2EB8015F}.Release|Any CPU.ActiveCfg = Release
	EndGlobalSection
	GlobalSection(SolutionProperties) = preSolution
		HideSolutionNode = FALSE
	EndGlobalSection
	GlobalSection(ExtensibilityGlobals) = postSolution
		SolutionGuid = {AC0EF16B-7DA5-4FB2-ACF3-3CB5E99CCF0A}
	EndGlobalSection
EndGlobal
